# This file was autogenerated by Stack.
# You should not edit this file by hand.
# For more information, please see the documentation at:
#   https://docs.haskellstack.org/en/stable/lock_files

packages:
- completed:
    size: 441067
    url: https://github.com/tmcdonell/accelerate/archive/1010d97f8cc8cbecff28200cf6e176455769c644.tar.gz
    cabal-file:
      size: 20000
      sha256: f7c3770f2069a2e498b1f02fb221f3b127940cc9053825c82c986da200fcec10
    name: accelerate
    version: 1.3.0.0
    sha256: b62ea5fa4b5eada466f2333d8eacda359bfe331dc2a836ceeb24f3a9aca2d987
    pantry-tree:
      size: 13309
      sha256: 0f68dac4329f4a7612deabd5c607dd852573cec7177d45f27718991b345d30de
  original:
    url: https://github.com/tmcdonell/accelerate/archive/1010d97f8cc8cbecff28200cf6e176455769c644.tar.gz
- completed:
    size: 263139
    subdir: accelerate-llvm
    url: https://github.com/tmcdonell/accelerate-llvm/archive/60b0ebc38549e887159e0bec7493fad2231a2550.tar.gz
    cabal-file:
      size: 5983
      sha256: 37156026a7faa14865e5b20798e1966b587ea47208dc9d7e3ee4cb695ad7e844
    name: accelerate-llvm
    version: 1.3.0.0
    sha256: 9d641763cd2049f449ef711920783d2dc5865ffbcef177008500f8e160b4a09f
    pantry-tree:
      size: 5454
      sha256: a6b0d5aea254254aebaaa7229898c46faf99b9495aa0d47336c99e1e708dbc99
  original:
    subdir: accelerate-llvm
    url: https://github.com/tmcdonell/accelerate-llvm/archive/60b0ebc38549e887159e0bec7493fad2231a2550.tar.gz
- completed:
    size: 263139
    subdir: accelerate-llvm-native
    url: https://github.com/tmcdonell/accelerate-llvm/archive/60b0ebc38549e887159e0bec7493fad2231a2550.tar.gz
    cabal-file:
      size: 6317
      sha256: 9d6ec705a29a568d7c74855bfcd3a83bf7a1fb3d7a37e875ed88d0d91ce48b4a
    name: accelerate-llvm-native
    version: 1.3.0.0
    sha256: 9d641763cd2049f449ef711920783d2dc5865ffbcef177008500f8e160b4a09f
    pantry-tree:
      size: 4693
      sha256: 85f9e2a615f857b188fbc07bf10083ff47d51c757147a24f50293f7a172b9bf8
  original:
    subdir: accelerate-llvm-native
    url: https://github.com/tmcdonell/accelerate-llvm/archive/60b0ebc38549e887159e0bec7493fad2231a2550.tar.gz
- completed:
    size: 263139
    subdir: accelerate-llvm-ptx
    url: https://github.com/tmcdonell/accelerate-llvm/archive/60b0ebc38549e887159e0bec7493fad2231a2550.tar.gz
    cabal-file:
      size: 6641
      sha256: c3da24f7a3dc2cadd48b6a1e8b70689e63fd1ce05bf0a4caca5c22e27fff7bea
    name: accelerate-llvm-ptx
    version: 1.3.0.0
    sha256: 9d641763cd2049f449ef711920783d2dc5865ffbcef177008500f8e160b4a09f
    pantry-tree:
      size: 4775
      sha256: f262e3da46e51eb2e439f2fdf830e656981c6e5c5269b7593966f6cd1dd4d7a0
  original:
    subdir: accelerate-llvm-ptx
    url: https://github.com/tmcdonell/accelerate-llvm/archive/60b0ebc38549e887159e0bec7493fad2231a2550.tar.gz
- completed:
    cabal-file:
      size: 1422
      sha256: e07af675403c3191aacbffe20a31cd0ab8a9278e84712a8a897ed4a9681f3314
    name: lens-accelerate
    version: 0.3.0.0
    git: https://github.com/tmcdonell/lens-accelerate.git
    pantry-tree:
      size: 1803
      sha256: 20fce2aa87c344d5fbb41c9ab82905cec35ac487ad83ab2597402c650a039199
    commit: b74eb8098735b1ad6cff3c5655af03d3f29b9f8e
  original:
    git: https://github.com/tmcdonell/lens-accelerate.git
    commit: b74eb8098735b1ad6cff3c5655af03d3f29b9f8e
- completed:
    cabal-file:
      size: 6952
      sha256: 54bd2b7c0ff2ec3a5fb186bf413000af54c32d16e878de140026d31675cca753
    name: accelerate-blas
    version: 0.3.0.0
    git: https://github.com/tmcdonell/accelerate-blas.git
    pantry-tree:
      size: 4502
      sha256: 272afaa9df20ec63804b27226ab410fb2029ba5fac534dda3631db33fd80f155
    commit: d6c6d0e0d3b882fcadc8e0565e5d6325c1b1c71c
  original:
    git: https://github.com/tmcdonell/accelerate-blas.git
    commit: d6c6d0e0d3b882fcadc8e0565e5d6325c1b1c71c
- completed:
    subdir: accelerate-io
    cabal-file:
      size: 1757
      sha256: d8b7971ad509db13269a1309881ecef2d93b64d9fc8273f43755123fe38012e6
    name: accelerate-io
    version: 1.3.0.0
    git: https://github.com/AccelerateHS/accelerate-io
    pantry-tree:
      size: 432
      sha256: 4291e5d6beaaf3f7992a2842d39ccc8ad185d08e1fd64379bd5ba54fa491255a
    commit: b909e3e225fff5f6eadeddc8668ef65677b19f9f
  original:
    subdir: accelerate-io
    git: https://github.com/AccelerateHS/accelerate-io
    commit: b909e3e225fff5f6eadeddc8668ef65677b19f9f
- completed:
    subdir: accelerate-io-vector
    cabal-file:
      size: 2328
      sha256: a9bbfb2ba8149ed17d66c023189f9e0c68a722e68498c76105343ae9d2cb0dec
    name: accelerate-io-vector
    version: 0.1.0.0
    git: https://github.com/AccelerateHS/accelerate-io
    pantry-tree:
      size: 1183
      sha256: 026c68b0b92f38960ec415a31eaa884516dd159186b39efb5573cdbfb329579f
    commit: b909e3e225fff5f6eadeddc8668ef65677b19f9f
  original:
    subdir: accelerate-io-vector
    git: https://github.com/AccelerateHS/accelerate-io
    commit: b909e3e225fff5f6eadeddc8668ef65677b19f9f
- completed:
    hackage: hedgehog-1.0@sha256:440dafedac48a34eac3871f8622b215462cfc0708536cb0458b7a8cf38247c69,4463
    pantry-tree:
      size: 2409
      sha256: 985f5ddc16bc1fd4b0c33d4b4e6f54d205fc63aa97b5912b0fcb370dc2a672e3
  original:
    hackage: hedgehog-1.0
- completed:
    hackage: llvm-hs-8.0.0@sha256:bca4c990e355cb4d2ed02d22dd076fe84ffc76f7b5330797c54ff449037a9efc,8700
    pantry-tree:
      size: 13599
      sha256: 9c3b4bce92757a26cf7cb7981eae1f5ed3dbf9c64fbace19e2d65175d031b97c
  original:
    hackage: llvm-hs-8.0.0
- completed:
    hackage: llvm-hs-pure-8.0.0@sha256:8ccfdbbf0a5678f56d88f3e623da8e0e2937439988e06021cfd6874adf29226c,2945
    pantry-tree:
      size: 2601
      sha256: 2f59a247f6b9571627575e4ac5ea8a33aac6f1eb5ee8537f9e26fd7a4cbf1e28
  original:
    hackage: llvm-hs-pure-8.0.0
- completed:
    hackage: tasty-hedgehog-1.0.0.1@sha256:cdcf60a29195bd0d819d3018c11db2e0deb7c6e559ad940c49409a5a7a982f83,1766
    pantry-tree:
      size: 330
      sha256: 7c26d9584f8ad1a86d9f5cbd6f5a8b81219eaee992e5a098ddab29a6c0b4b2bf
  original:
    hackage: tasty-hedgehog-1.0.0.1
snapshots:
- completed:
    size: 523878
    url: https://raw.githubusercontent.com/commercialhaskell/stackage-snapshots/master/lts/14/3.yaml
    sha256: 470c46c27746a48c7c50f829efc0cf00112787a7804ee4ac7a27754658f6d92c
  original: lts-14.3
